
Microsoft Visual Studio Solution File, Format Version 12.00
# Visual Studio Version 17
VisualStudioVersion = 17.5.002.0
MinimumVisualStudioVersion = 10.0.40219.1
Project("{2150E333-8FDC-42A3-9474-1A3956D46DE8}") = "lib", "lib", "{766D59AB-DE7F-4BEC-811A-1E300716E0BB}"
EndProject
Project("{2150E333-8FDC-42A3-9474-1A3956D46DE8}") = "lufa", "lufa", "{AB3F4A1F-A092-43CE-B8F6-0B3D8B00EDD4}"
EndProject
Project("{2150E333-8FDC-42A3-9474-1A3956D46DE8}") = "Projects", "Projects", "{5EF6DEAE-6C30-4145-B3B1-5F1946809F48}"
EndProject
Project("{2150E333-8FDC-42A3-9474-1A3956D46DE8}") = "TempDataLogger", "TempDataLogger", "{275EA260-9079-483A-B0A6-B2EAFEFE38A6}"
EndProject
Project("{9A19103F-16F7-4668-BE54-9A1E7A4F7556}") = "TempLoggerHostApp", "lib\lufa\Projects\TempDataLogger\TempLogHostApp\TempLoggerHostApp.csproj", "{04033905-1DE4-46BB-B9AC-985F4184DBCF}"
EndProject
Project("{2150E333-8FDC-42A3-9474-1A3956D46DE8}") = "LEDNotifier", "LEDNotifier", "{03ED27CB-3606-4BA2-995B-96367F6F2A54}"
EndProject
Project("{9A19103F-16F7-4668-BE54-9A1E7A4F7556}") = "CPUMonitor", "lib\lufa\Projects\LEDNotifier\CPUUsageApp\CPUMonitor.csproj", "{7C06192D-2D33-42C0-8EFA-773C58B8227F}"
EndProject
Project("{9A19103F-16F7-4668-BE54-9A1E7A4F7556}") = "LEDMixer", "lib\lufa\Projects\LEDNotifier\LEDMixerApp\LEDMixer.csproj", "{F1790D58-B8BA-46D6-878A-48F6CA148C07}"
EndProject
Global
	GlobalSection(SolutionConfigurationPlatforms) = preSolution
		Debug|Any CPU = Debug|Any CPU
		Release|Any CPU = Release|Any CPU
	EndGlobalSection
	GlobalSection(ProjectConfigurationPlatforms) = postSolution
		{04033905-1DE4-46BB-B9AC-985F4184DBCF}.Debug|Any CPU.ActiveCfg = Debug|Any CPU
		{04033905-1DE4-46BB-B9AC-985F4184DBCF}.Debug|Any CPU.Build.0 = Debug|Any CPU
		{04033905-1DE4-46BB-B9AC-985F4184DBCF}.Release|Any CPU.ActiveCfg = Release|Any CPU
		{04033905-1DE4-46BB-B9AC-985F4184DBCF}.Release|Any CPU.Build.0 = Release|Any CPU
		{7C06192D-2D33-42C0-8EFA-773C58B8227F}.Debug|Any CPU.ActiveCfg = Debug|Any CPU
		{7C06192D-2D33-42C0-8EFA-773C58B8227F}.Debug|Any CPU.Build.0 = Debug|Any CPU
		{7C06192D-2D33-42C0-8EFA-773C58B8227F}.Release|Any CPU.ActiveCfg = Release|Any CPU
		{7C06192D-2D33-42C0-8EFA-773C58B8227F}.Release|Any CPU.Build.0 = Release|Any CPU
		{F1790D58-B8BA-46D6-878A-48F6CA148C07}.Debug|Any CPU.ActiveCfg = Debug|Any CPU
		{F1790D58-B8BA-46D6-878A-48F6CA148C07}.Debug|Any CPU.Build.0 = Debug|Any CPU
		{F1790D58-B8BA-46D6-878A-48F6CA148C07}.Release|Any CPU.ActiveCfg = Release|Any CPU
		{F1790D58-B8BA-46D6-878A-48F6CA148C07}.Release|Any CPU.Build.0 = Release|Any CPU
	EndGlobalSection
	GlobalSection(SolutionProperties) = preSolution
		HideSolutionNode = FALSE
	EndGlobalSection
	GlobalSection(NestedProjects) = preSolution
		{AB3F4A1F-A092-43CE-B8F6-0B3D8B00EDD4} = {766D59AB-DE7F-4BEC-811A-1E300716E0BB}
		{5EF6DEAE-6C30-4145-B3B1-5F1946809F48} = {AB3F4A1F-A092-43CE-B8F6-0B3D8B00EDD4}
		{275EA260-9079-483A-B0A6-B2EAFEFE38A6} = {5EF6DEAE-6C30-4145-B3B1-5F1946809F48}
		{04033905-1DE4-46BB-B9AC-985F4184DBCF} = {275EA260-9079-483A-B0A6-B2EAFEFE38A6}
		{03ED27CB-3606-4BA2-995B-96367F6F2A54} = {5EF6DEAE-6C30-4145-B3B1-5F1946809F48}
		{7C06192D-2D33-42C0-8EFA-773C58B8227F} = {03ED27CB-3606-4BA2-995B-96367F6F2A54}
		{F1790D58-B8BA-46D6-878A-48F6CA148C07} = {03ED27CB-3606-4BA2-995B-96367F6F2A54}
	EndGlobalSection
	GlobalSection(ExtensibilityGlobals) = postSolution
		SolutionGuid = {E9671EAA-6710-430A-BFEB-BB4A2E4BA69A}
	EndGlobalSection
EndGlobal
