
Microsoft Visual Studio Solution File, Format Version 12.00
# Visual Studio Version 17
VisualStudioVersion = 17.5.002.0
MinimumVisualStudioVersion = 10.0.40219.1
Project("{2150E333-8FDC-42A3-9474-1A3956D46DE8}") = "lib", "lib", "{AC556F2F-C76E-42CA-B4FC-E36E20827E1C}"
EndProject
Project("{2150E333-8FDC-42A3-9474-1A3956D46DE8}") = "lufa", "lufa", "{F267956E-5614-4C26-8644-275270CF05F6}"
EndProject
Project("{2150E333-8FDC-42A3-9474-1A3956D46DE8}") = "Projects", "Projects", "{4F5D553E-5FF0-4EBF-8FC4-78E4190708D4}"
EndProject
Project("{2150E333-8FDC-42A3-9474-1A3956D46DE8}") = "TempDataLogger", "TempDataLogger", "{5B143279-2810-4495-862D-80A2BC6C6942}"
EndProject
Project("{9A19103F-16F7-4668-BE54-9A1E7A4F7556}") = "TempLoggerHostApp", "lib\lufa\Projects\TempDataLogger\TempLogHostApp\TempLoggerHostApp.csproj", "{423FC6AC-D620-497D-9FC3-0994D9627FDA}"
EndProject
Project("{2150E333-8FDC-42A3-9474-1A3956D46DE8}") = "LEDNotifier", "LEDNotifier", "{68DA611F-3A68-48C3-8557-E717B2B15272}"
EndProject
Project("{9A19103F-16F7-4668-BE54-9A1E7A4F7556}") = "CPUMonitor", "lib\lufa\Projects\LEDNotifier\CPUUsageApp\CPUMonitor.csproj", "{D6DB84C1-B50B-4756-A0D8-E8F55A4555E9}"
EndProject
Project("{9A19103F-16F7-4668-BE54-9A1E7A4F7556}") = "LEDMixer", "lib\lufa\Projects\LEDNotifier\LEDMixerApp\LEDMixer.csproj", "{E71874E9-427C-4AE4-BF41-8D9B348562E7}"
EndProject
Global
	GlobalSection(SolutionConfigurationPlatforms) = preSolution
		Debug|Any CPU = Debug|Any CPU
		Release|Any CPU = Release|Any CPU
	EndGlobalSection
	GlobalSection(ProjectConfigurationPlatforms) = postSolution
		{423FC6AC-D620-497D-9FC3-0994D9627FDA}.Debug|Any CPU.ActiveCfg = Debug|Any CPU
		{423FC6AC-D620-497D-9FC3-0994D9627FDA}.Debug|Any CPU.Build.0 = Debug|Any CPU
		{423FC6AC-D620-497D-9FC3-0994D9627FDA}.Release|Any CPU.ActiveCfg = Release|Any CPU
		{423FC6AC-D620-497D-9FC3-0994D9627FDA}.Release|Any CPU.Build.0 = Release|Any CPU
		{D6DB84C1-B50B-4756-A0D8-E8F55A4555E9}.Debug|Any CPU.ActiveCfg = Debug|Any CPU
		{D6DB84C1-B50B-4756-A0D8-E8F55A4555E9}.Debug|Any CPU.Build.0 = Debug|Any CPU
		{D6DB84C1-B50B-4756-A0D8-E8F55A4555E9}.Release|Any CPU.ActiveCfg = Release|Any CPU
		{D6DB84C1-B50B-4756-A0D8-E8F55A4555E9}.Release|Any CPU.Build.0 = Release|Any CPU
		{E71874E9-427C-4AE4-BF41-8D9B348562E7}.Debug|Any CPU.ActiveCfg = Debug|Any CPU
		{E71874E9-427C-4AE4-BF41-8D9B348562E7}.Debug|Any CPU.Build.0 = Debug|Any CPU
		{E71874E9-427C-4AE4-BF41-8D9B348562E7}.Release|Any CPU.ActiveCfg = Release|Any CPU
		{E71874E9-427C-4AE4-BF41-8D9B348562E7}.Release|Any CPU.Build.0 = Release|Any CPU
	EndGlobalSection
	GlobalSection(SolutionProperties) = preSolution
		HideSolutionNode = FALSE
	EndGlobalSection
	GlobalSection(NestedProjects) = preSolution
		{F267956E-5614-4C26-8644-275270CF05F6} = {AC556F2F-C76E-42CA-B4FC-E36E20827E1C}
		{4F5D553E-5FF0-4EBF-8FC4-78E4190708D4} = {F267956E-5614-4C26-8644-275270CF05F6}
		{5B143279-2810-4495-862D-80A2BC6C6942} = {4F5D553E-5FF0-4EBF-8FC4-78E4190708D4}
		{423FC6AC-D620-497D-9FC3-0994D9627FDA} = {5B143279-2810-4495-862D-80A2BC6C6942}
		{68DA611F-3A68-48C3-8557-E717B2B15272} = {4F5D553E-5FF0-4EBF-8FC4-78E4190708D4}
		{D6DB84C1-B50B-4756-A0D8-E8F55A4555E9} = {68DA611F-3A68-48C3-8557-E717B2B15272}
		{E71874E9-427C-4AE4-BF41-8D9B348562E7} = {68DA611F-3A68-48C3-8557-E717B2B15272}
	EndGlobalSection
	GlobalSection(ExtensibilityGlobals) = postSolution
		SolutionGuid = {E9671EAA-6710-430A-BFEB-BB4A2E4BA69A}
	EndGlobalSection
EndGlobal
